
Microsoft Visual Studio Solution File, Format Version 12.00
# Visual Studio Version 17
VisualStudioVersion = 17.14.36414.22 d17.14
MinimumVisualStudioVersion = 10.0.40219.1
Project("{FAE04EC0-301F-11D3-BF4B-00C04F79EFBC}") = "DemoApp", "DemoApp\DemoApp.csproj", "{0EEA3FB9-C94C-46C1-A644-E64716D4BB49}"
EndProject
Global
	GlobalSection(SolutionConfigurationPlatforms) = preSolution
		Debug|Any CPU = Debug|Any CPU
		Release|Any CPU = Release|Any CPU
	EndGlobalSection
	GlobalSection(ProjectConfigurationPlatforms) = postSolution
		{0EEA3FB9-C94C-46C1-A644-E64716D4BB49}.Debug|Any CPU.ActiveCfg = Debug|Any CPU
		{0EEA3FB9-C94C-46C1-A644-E64716D4BB49}.Debug|Any CPU.Build.0 = Debug|Any CPU
		{0EEA3FB9-C94C-46C1-A644-E64716D4BB49}.Release|Any CPU.ActiveCfg = Release|Any CPU
		{0EEA3FB9-C94C-46C1-A644-E64716D4BB49}.Release|Any CPU.Build.0 = Release|Any CPU
	EndGlobalSection
	GlobalSection(SolutionProperties) = preSolution
		HideSolutionNode = FALSE
	EndGlobalSection
	GlobalSection(ExtensibilityGlobals) = postSolution
		SolutionGuid = {DFC313D7-0C74-4924-A3AF-FABB89DD6E72}
	EndGlobalSection
EndGlobal
