
Microsoft Visual Studio Solution File, Format Version 12.00
# Visual Studio Version 17
VisualStudioVersion = 17.14.36429.23 d17.14
MinimumVisualStudioVersion = 10.0.40219.1
Project("{FAE04EC0-301F-11D3-BF4B-00C04F79EFBC}") = "AZ_DemoWebApi", "AZ_DemoWebApi\AZ_DemoWebApi.csproj", "{51E5458D-CC13-45D5-BE25-9D59A721E7A2}"
EndProject
Global
	GlobalSection(SolutionConfigurationPlatforms) = preSolution
		Debug|Any CPU = Debug|Any CPU
		Release|Any CPU = Release|Any CPU
	EndGlobalSection
	GlobalSection(ProjectConfigurationPlatforms) = postSolution
		{51E5458D-CC13-45D5-BE25-9D59A721E7A2}.Debug|Any CPU.ActiveCfg = Debug|Any CPU
		{51E5458D-CC13-45D5-BE25-9D59A721E7A2}.Debug|Any CPU.Build.0 = Debug|Any CPU
		{51E5458D-CC13-45D5-BE25-9D59A721E7A2}.Release|Any CPU.ActiveCfg = Release|Any CPU
		{51E5458D-CC13-45D5-BE25-9D59A721E7A2}.Release|Any CPU.Build.0 = Release|Any CPU
	EndGlobalSection
	GlobalSection(SolutionProperties) = preSolution
		HideSolutionNode = FALSE
	EndGlobalSection
	GlobalSection(ExtensibilityGlobals) = postSolution
		SolutionGuid = {D1F6AA9E-B16B-4D76-9B2C-6241C46EFFC7}
	EndGlobalSection
EndGlobal
