
Microsoft Visual Studio Solution File, Format Version 12.00
# Visual Studio Version 17
VisualStudioVersion = 17.14.36414.22 d17.14
MinimumVisualStudioVersion = 10.0.40219.1
Project("{FAE04EC0-301F-11D3-BF4B-00C04F79EFBC}") = "AZ_DemoCosmosDB", "AZ_DemoCosmosDB\AZ_DemoCosmosDB.csproj", "{BF95F424-4112-4C4B-AB7A-0E1E1A5BAE24}"
EndProject
Global
	GlobalSection(SolutionConfigurationPlatforms) = preSolution
		Debug|Any CPU = Debug|Any CPU
		Release|Any CPU = Release|Any CPU
	EndGlobalSection
	GlobalSection(ProjectConfigurationPlatforms) = postSolution
		{BF95F424-4112-4C4B-AB7A-0E1E1A5BAE24}.Debug|Any CPU.ActiveCfg = Debug|Any CPU
		{BF95F424-4112-4C4B-AB7A-0E1E1A5BAE24}.Debug|Any CPU.Build.0 = Debug|Any CPU
		{BF95F424-4112-4C4B-AB7A-0E1E1A5BAE24}.Release|Any CPU.ActiveCfg = Release|Any CPU
		{BF95F424-4112-4C4B-AB7A-0E1E1A5BAE24}.Release|Any CPU.Build.0 = Release|Any CPU
	EndGlobalSection
	GlobalSection(SolutionProperties) = preSolution
		HideSolutionNode = FALSE
	EndGlobalSection
	GlobalSection(ExtensibilityGlobals) = postSolution
		SolutionGuid = {7C677D39-EBFD-4984-8A0A-C9D619AC25A2}
	EndGlobalSection
EndGlobal
